// !$*UTF8*$!
{
	archiveVersion = 1;
	classes = {
	};
	objectVersion = 55;
	objects = {

/* Begin PBXBuildFile section */
		2CC6C02B28DA544E00729888 /* MainTabBarViewController.swift in Sources */ = {isa = PBXBuildFile; fileRef = 2CC6C02A28DA544E00729888 /* MainTabBarViewController.swift */; };
		2CC6C03028DB680300729888 /* FavoritesStorage.swift in Sources */ = {isa = PBXBuildFile; fileRef = 2CC6C02F28DB680300729888 /* FavoritesStorage.swift */; };
		2CC6C03428DB6E6A00729888 /* FavoritesTableViewController.swift in Sources */ = {isa = PBXBuildFile; fileRef = 2CC6C03228DB6E6900729888 /* FavoritesTableViewController.swift */; };
		2CC6C03528DB6E6A00729888 /* FavoritesTableViewController.xib in Resources */ = {isa = PBXBuildFile; fileRef = 2CC6C03328DB6E6900729888 /* FavoritesTableViewController.xib */; };
		2CC6C03828DB743A00729888 /* FavoriteTableViewCell.swift in Sources */ = {isa = PBXBuildFile; fileRef = 2CC6C03628DB743A00729888 /* FavoriteTableViewCell.swift */; };
		2CC6C03928DB743A00729888 /* FavoriteTableViewCell.xib in Resources */ = {isa = PBXBuildFile; fileRef = 2CC6C03728DB743A00729888 /* FavoriteTableViewCell.xib */; };
		3892EA82E8D09E8BEFB7A1F8 /* Pods_skill_levellingTests.framework in Frameworks */ = {isa = PBXBuildFile; fileRef = 49108A78453BBD92DFEE589F /* Pods_skill_levellingTests.framework */; };
		930F819B278616FE00ED0EC3 /* AppDelegate.swift in Sources */ = {isa = PBXBuildFile; fileRef = 930F819A278616FE00ED0EC3 /* AppDelegate.swift */; };
		930F819D278616FE00ED0EC3 /* SceneDelegate.swift in Sources */ = {isa = PBXBuildFile; fileRef = 930F819C278616FE00ED0EC3 /* SceneDelegate.swift */; };
		930F819F278616FE00ED0EC3 /* ViewController.swift in Sources */ = {isa = PBXBuildFile; fileRef = 930F819E278616FE00ED0EC3 /* ViewController.swift */; };
		930F81A42786170000ED0EC3 /* Assets.xcassets in Resources */ = {isa = PBXBuildFile; fileRef = 930F81A32786170000ED0EC3 /* Assets.xcassets */; };
		930F81A72786170000ED0EC3 /* LaunchScreen.storyboard in Resources */ = {isa = PBXBuildFile; fileRef = 930F81A52786170000ED0EC3 /* LaunchScreen.storyboard */; };
		933FC4D9278F59C0001382CD /* ItemDetail.swift in Sources */ = {isa = PBXBuildFile; fileRef = 933FC4D8278F59C0001382CD /* ItemDetail.swift */; };
		933FC4DE278F7967001382CD /* ResultTableViewCell.swift in Sources */ = {isa = PBXBuildFile; fileRef = 933FC4DC278F7967001382CD /* ResultTableViewCell.swift */; };
		933FC4DF278F7967001382CD /* ResultTableViewCell.xib in Resources */ = {isa = PBXBuildFile; fileRef = 933FC4DD278F7967001382CD /* ResultTableViewCell.xib */; };
		933FC4E1278F7B89001382CD /* ResultOverview.swift in Sources */ = {isa = PBXBuildFile; fileRef = 933FC4E0278F7B89001382CD /* ResultOverview.swift */; };
		93A7259B27905DE20012B692 /* SearchAPI.swift in Sources */ = {isa = PBXBuildFile; fileRef = 93A7259A27905DE20012B692 /* SearchAPI.swift */; };
		93BCB07E27871DD9008DC96C /* ProductViewController.swift in Sources */ = {isa = PBXBuildFile; fileRef = 93BCB07C27871DD9008DC96C /* ProductViewController.swift */; };
		93BCB07F27871DD9008DC96C /* ProductViewController.xib in Resources */ = {isa = PBXBuildFile; fileRef = 93BCB07D27871DD9008DC96C /* ProductViewController.xib */; };
		93BCB08227871E03008DC96C /* SearchViewController.swift in Sources */ = {isa = PBXBuildFile; fileRef = 93BCB08027871E03008DC96C /* SearchViewController.swift */; };
		93BCB08327871E03008DC96C /* SearchViewController.xib in Resources */ = {isa = PBXBuildFile; fileRef = 93BCB08127871E03008DC96C /* SearchViewController.xib */; };
		93BCB08627871EF8008DC96C /* HomeViewController.swift in Sources */ = {isa = PBXBuildFile; fileRef = 93BCB08427871EF8008DC96C /* HomeViewController.swift */; };
		93BCB08727871EF8008DC96C /* HomeViewController.xib in Resources */ = {isa = PBXBuildFile; fileRef = 93BCB08527871EF8008DC96C /* HomeViewController.xib */; };
		93F711FE27887CF100509DF5 /* RoutableRequestInterceptor.swift in Sources */ = {isa = PBXBuildFile; fileRef = 93F711FD27887CF100509DF5 /* RoutableRequestInterceptor.swift */; };
		93F71200278882D200509DF5 /* RoutableNetworkLogger.swift in Sources */ = {isa = PBXBuildFile; fileRef = 93F711FF278882D200509DF5 /* RoutableNetworkLogger.swift */; };
		93F71202278883E200509DF5 /* RoutableApiManager.swift in Sources */ = {isa = PBXBuildFile; fileRef = 93F71201278883E200509DF5 /* RoutableApiManager.swift */; };
		93F7120B2788D94C00509DF5 /* AuthToken.swift in Sources */ = {isa = PBXBuildFile; fileRef = 93F7120A2788D94C00509DF5 /* AuthToken.swift */; };
		93F7120D278DBE7600509DF5 /* Category.swift in Sources */ = {isa = PBXBuildFile; fileRef = 93F7120C278DBE7600509DF5 /* Category.swift */; };
		93F7120F278DC7B000509DF5 /* ProductDetail.swift in Sources */ = {isa = PBXBuildFile; fileRef = 93F7120E278DC7B000509DF5 /* ProductDetail.swift */; };
		93F71211278DCEE700509DF5 /* ProductBasic.swift in Sources */ = {isa = PBXBuildFile; fileRef = 93F71210278DCEE700509DF5 /* ProductBasic.swift */; };
		93F71215278DF18C00509DF5 /* SearchViewModel.swift in Sources */ = {isa = PBXBuildFile; fileRef = 93F71214278DF18C00509DF5 /* SearchViewModel.swift */; };
		93F71217278DF22C00509DF5 /* Coordinator.swift in Sources */ = {isa = PBXBuildFile; fileRef = 93F71216278DF22C00509DF5 /* Coordinator.swift */; };
		93F7121C278DFEE700509DF5 /* ProductCoordinator.swift in Sources */ = {isa = PBXBuildFile; fileRef = 93F7121B278DFEE700509DF5 /* ProductCoordinator.swift */; };
		93F7121E278E027A00509DF5 /* SearchCoordinator.swift in Sources */ = {isa = PBXBuildFile; fileRef = 93F7121D278E027A00509DF5 /* SearchCoordinator.swift */; };
		93F71225278E0D9D00509DF5 /* HomeCoordinator.swift in Sources */ = {isa = PBXBuildFile; fileRef = 93F71224278E0D9D00509DF5 /* HomeCoordinator.swift */; };
		9F37C72F987C7FFC8B63FD0C /* Pods_skill_levelling_skill_levellingUITests.framework in Frameworks */ = {isa = PBXBuildFile; fileRef = A78EFCD11116CEE38F9C4770 /* Pods_skill_levelling_skill_levellingUITests.framework */; };
		C31764B57E2B79D778F509A6 /* Pods_skill_levelling.framework in Frameworks */ = {isa = PBXBuildFile; fileRef = 440FC492D5DA2C765C0FE219 /* Pods_skill_levelling.framework */; };
/* End PBXBuildFile section */

/* Begin PBXContainerItemProxy section */
		930F81AE2786170000ED0EC3 /* PBXContainerItemProxy */ = {
			isa = PBXContainerItemProxy;
			containerPortal = 930F818F278616FE00ED0EC3 /* Project object */;
			proxyType = 1;
			remoteGlobalIDString = 930F8196278616FE00ED0EC3;
			remoteInfo = "skill-levelling";
		};
		930F81B82786170000ED0EC3 /* PBXContainerItemProxy */ = {
			isa = PBXContainerItemProxy;
			containerPortal = 930F818F278616FE00ED0EC3 /* Project object */;
			proxyType = 1;
			remoteGlobalIDString = 930F8196278616FE00ED0EC3;
			remoteInfo = "skill-levelling";
		};
/* End PBXContainerItemProxy section */

/* Begin PBXFileReference section */
		21B520D4830294136213BCD9 /* Pods-skill-levellingTests.debug.xcconfig */ = {isa = PBXFileReference; includeInIndex = 1; lastKnownFileType = text.xcconfig; name = "Pods-skill-levellingTests.debug.xcconfig"; path = "Target Support Files/Pods-skill-levellingTests/Pods-skill-levellingTests.debug.xcconfig"; sourceTree = "<group>"; };
		2CC6C02A28DA544E00729888 /* MainTabBarViewController.swift */ = {isa = PBXFileReference; lastKnownFileType = sourcecode.swift; path = MainTabBarViewController.swift; sourceTree = "<group>"; };
		2CC6C02F28DB680300729888 /* FavoritesStorage.swift */ = {isa = PBXFileReference; lastKnownFileType = sourcecode.swift; path = FavoritesStorage.swift; sourceTree = "<group>"; };
		2CC6C03228DB6E6900729888 /* FavoritesTableViewController.swift */ = {isa = PBXFileReference; lastKnownFileType = sourcecode.swift; path = FavoritesTableViewController.swift; sourceTree = "<group>"; };
		2CC6C03328DB6E6900729888 /* FavoritesTableViewController.xib */ = {isa = PBXFileReference; lastKnownFileType = file.xib; path = FavoritesTableViewController.xib; sourceTree = "<group>"; };
		2CC6C03628DB743A00729888 /* FavoriteTableViewCell.swift */ = {isa = PBXFileReference; lastKnownFileType = sourcecode.swift; path = FavoriteTableViewCell.swift; sourceTree = "<group>"; };
		2CC6C03728DB743A00729888 /* FavoriteTableViewCell.xib */ = {isa = PBXFileReference; lastKnownFileType = file.xib; path = FavoriteTableViewCell.xib; sourceTree = "<group>"; };
		39AD77DD740189C35EF9ECF4 /* Pods-skill-levelling.release.xcconfig */ = {isa = PBXFileReference; includeInIndex = 1; lastKnownFileType = text.xcconfig; name = "Pods-skill-levelling.release.xcconfig"; path = "Target Support Files/Pods-skill-levelling/Pods-skill-levelling.release.xcconfig"; sourceTree = "<group>"; };
		440FC492D5DA2C765C0FE219 /* Pods_skill_levelling.framework */ = {isa = PBXFileReference; explicitFileType = wrapper.framework; includeInIndex = 0; path = Pods_skill_levelling.framework; sourceTree = BUILT_PRODUCTS_DIR; };
		49108A78453BBD92DFEE589F /* Pods_skill_levellingTests.framework */ = {isa = PBXFileReference; explicitFileType = wrapper.framework; includeInIndex = 0; path = Pods_skill_levellingTests.framework; sourceTree = BUILT_PRODUCTS_DIR; };
		6C8DA8257804A38CD34DA3A7 /* Pods-skill-levelling.debug.xcconfig */ = {isa = PBXFileReference; includeInIndex = 1; lastKnownFileType = text.xcconfig; name = "Pods-skill-levelling.debug.xcconfig"; path = "Target Support Files/Pods-skill-levelling/Pods-skill-levelling.debug.xcconfig"; sourceTree = "<group>"; };
		930F8197278616FE00ED0EC3 /* skill-levelling.app */ = {isa = PBXFileReference; explicitFileType = wrapper.application; includeInIndex = 0; path = "skill-levelling.app"; sourceTree = BUILT_PRODUCTS_DIR; };
		930F819A278616FE00ED0EC3 /* AppDelegate.swift */ = {isa = PBXFileReference; lastKnownFileType = sourcecode.swift; path = AppDelegate.swift; sourceTree = "<group>"; };
		930F819C278616FE00ED0EC3 /* SceneDelegate.swift */ = {isa = PBXFileReference; lastKnownFileType = sourcecode.swift; path = SceneDelegate.swift; sourceTree = "<group>"; };
		930F819E278616FE00ED0EC3 /* ViewController.swift */ = {isa = PBXFileReference; lastKnownFileType = sourcecode.swift; path = ViewController.swift; sourceTree = "<group>"; };
		930F81A32786170000ED0EC3 /* Assets.xcassets */ = {isa = PBXFileReference; lastKnownFileType = folder.assetcatalog; path = Assets.xcassets; sourceTree = "<group>"; };
		930F81A62786170000ED0EC3 /* Base */ = {isa = PBXFileReference; lastKnownFileType = file.storyboard; name = Base; path = Base.lproj/LaunchScreen.storyboard; sourceTree = "<group>"; };
		930F81A82786170000ED0EC3 /* Info.plist */ = {isa = PBXFileReference; lastKnownFileType = text.plist.xml; path = Info.plist; sourceTree = "<group>"; };
		930F81AD2786170000ED0EC3 /* skill-levellingTests.xctest */ = {isa = PBXFileReference; explicitFileType = wrapper.cfbundle; includeInIndex = 0; path = "skill-levellingTests.xctest"; sourceTree = BUILT_PRODUCTS_DIR; };
		930F81B72786170000ED0EC3 /* skill-levellingUITests.xctest */ = {isa = PBXFileReference; explicitFileType = wrapper.cfbundle; includeInIndex = 0; path = "skill-levellingUITests.xctest"; sourceTree = BUILT_PRODUCTS_DIR; };
		933FC4D8278F59C0001382CD /* ItemDetail.swift */ = {isa = PBXFileReference; lastKnownFileType = sourcecode.swift; path = ItemDetail.swift; sourceTree = "<group>"; };
		933FC4DC278F7967001382CD /* ResultTableViewCell.swift */ = {isa = PBXFileReference; lastKnownFileType = sourcecode.swift; path = ResultTableViewCell.swift; sourceTree = "<group>"; };
		933FC4DD278F7967001382CD /* ResultTableViewCell.xib */ = {isa = PBXFileReference; lastKnownFileType = file.xib; path = ResultTableViewCell.xib; sourceTree = "<group>"; };
		933FC4E0278F7B89001382CD /* ResultOverview.swift */ = {isa = PBXFileReference; lastKnownFileType = sourcecode.swift; path = ResultOverview.swift; sourceTree = "<group>"; };
		93A7259A27905DE20012B692 /* SearchAPI.swift */ = {isa = PBXFileReference; lastKnownFileType = sourcecode.swift; path = SearchAPI.swift; sourceTree = "<group>"; };
		93BCB07C27871DD9008DC96C /* ProductViewController.swift */ = {isa = PBXFileReference; lastKnownFileType = sourcecode.swift; path = ProductViewController.swift; sourceTree = "<group>"; };
		93BCB07D27871DD9008DC96C /* ProductViewController.xib */ = {isa = PBXFileReference; lastKnownFileType = file.xib; path = ProductViewController.xib; sourceTree = "<group>"; };
		93BCB08027871E03008DC96C /* SearchViewController.swift */ = {isa = PBXFileReference; lastKnownFileType = sourcecode.swift; path = SearchViewController.swift; sourceTree = "<group>"; };
		93BCB08127871E03008DC96C /* SearchViewController.xib */ = {isa = PBXFileReference; lastKnownFileType = file.xib; path = SearchViewController.xib; sourceTree = "<group>"; };
		93BCB08427871EF8008DC96C /* HomeViewController.swift */ = {isa = PBXFileReference; lastKnownFileType = sourcecode.swift; path = HomeViewController.swift; sourceTree = "<group>"; };
		93BCB08527871EF8008DC96C /* HomeViewController.xib */ = {isa = PBXFileReference; lastKnownFileType = file.xib; path = HomeViewController.xib; sourceTree = "<group>"; };
		93F711FD27887CF100509DF5 /* RoutableRequestInterceptor.swift */ = {isa = PBXFileReference; lastKnownFileType = sourcecode.swift; path = RoutableRequestInterceptor.swift; sourceTree = "<group>"; };
		93F711FF278882D200509DF5 /* RoutableNetworkLogger.swift */ = {isa = PBXFileReference; lastKnownFileType = sourcecode.swift; path = RoutableNetworkLogger.swift; sourceTree = "<group>"; };
		93F71201278883E200509DF5 /* RoutableApiManager.swift */ = {isa = PBXFileReference; lastKnownFileType = sourcecode.swift; path = RoutableApiManager.swift; sourceTree = "<group>"; };
		93F7120A2788D94C00509DF5 /* AuthToken.swift */ = {isa = PBXFileReference; lastKnownFileType = sourcecode.swift; path = AuthToken.swift; sourceTree = "<group>"; };
		93F7120C278DBE7600509DF5 /* Category.swift */ = {isa = PBXFileReference; lastKnownFileType = sourcecode.swift; path = Category.swift; sourceTree = "<group>"; };
		93F7120E278DC7B000509DF5 /* ProductDetail.swift */ = {isa = PBXFileReference; lastKnownFileType = sourcecode.swift; path = ProductDetail.swift; sourceTree = "<group>"; };
		93F71210278DCEE700509DF5 /* ProductBasic.swift */ = {isa = PBXFileReference; lastKnownFileType = sourcecode.swift; path = ProductBasic.swift; sourceTree = "<group>"; };
		93F71214278DF18C00509DF5 /* SearchViewModel.swift */ = {isa = PBXFileReference; lastKnownFileType = sourcecode.swift; path = SearchViewModel.swift; sourceTree = "<group>"; };
		93F71216278DF22C00509DF5 /* Coordinator.swift */ = {isa = PBXFileReference; lastKnownFileType = sourcecode.swift; path = Coordinator.swift; sourceTree = "<group>"; };
		93F7121B278DFEE700509DF5 /* ProductCoordinator.swift */ = {isa = PBXFileReference; lastKnownFileType = sourcecode.swift; path = ProductCoordinator.swift; sourceTree = "<group>"; };
		93F7121D278E027A00509DF5 /* SearchCoordinator.swift */ = {isa = PBXFileReference; lastKnownFileType = sourcecode.swift; path = SearchCoordinator.swift; sourceTree = "<group>"; };
		93F71224278E0D9D00509DF5 /* HomeCoordinator.swift */ = {isa = PBXFileReference; lastKnownFileType = sourcecode.swift; path = HomeCoordinator.swift; sourceTree = "<group>"; };
		A6D6DCD6D65DCD9D056D4DC0 /* Pods-skill-levellingTests.release.xcconfig */ = {isa = PBXFileReference; includeInIndex = 1; lastKnownFileType = text.xcconfig; name = "Pods-skill-levellingTests.release.xcconfig"; path = "Target Support Files/Pods-skill-levellingTests/Pods-skill-levellingTests.release.xcconfig"; sourceTree = "<group>"; };
		A78EFCD11116CEE38F9C4770 /* Pods_skill_levelling_skill_levellingUITests.framework */ = {isa = PBXFileReference; explicitFileType = wrapper.framework; includeInIndex = 0; path = Pods_skill_levelling_skill_levellingUITests.framework; sourceTree = BUILT_PRODUCTS_DIR; };
		C2C86C3EAF0FB4AEEFA866AF /* Pods-skill-levelling-skill-levellingUITests.debug.xcconfig */ = {isa = PBXFileReference; includeInIndex = 1; lastKnownFileType = text.xcconfig; name = "Pods-skill-levelling-skill-levellingUITests.debug.xcconfig"; path = "Target Support Files/Pods-skill-levelling-skill-levellingUITests/Pods-skill-levelling-skill-levellingUITests.debug.xcconfig"; sourceTree = "<group>"; };
		C3DA212C22B5FF5FA0012CD7 /* Pods-skill-levelling-skill-levellingUITests.release.xcconfig */ = {isa = PBXFileReference; includeInIndex = 1; lastKnownFileType = text.xcconfig; name = "Pods-skill-levelling-skill-levellingUITests.release.xcconfig"; path = "Target Support Files/Pods-skill-levelling-skill-levellingUITests/Pods-skill-levelling-skill-levellingUITests.release.xcconfig"; sourceTree = "<group>"; };
/* End PBXFileReference section */

/* Begin PBXFrameworksBuildPhase section */
		930F8194278616FE00ED0EC3 /* Frameworks */ = {
			isa = PBXFrameworksBuildPhase;
			buildActionMask = 2147483647;
			files = (
				C31764B57E2B79D778F509A6 /* Pods_skill_levelling.framework in Frameworks */,
			);
			runOnlyForDeploymentPostprocessing = 0;
		};
		930F81AA2786170000ED0EC3 /* Frameworks */ = {
			isa = PBXFrameworksBuildPhase;
			buildActionMask = 2147483647;
			files = (
				3892EA82E8D09E8BEFB7A1F8 /* Pods_skill_levellingTests.framework in Frameworks */,
			);
			runOnlyForDeploymentPostprocessing = 0;
		};
		930F81B42786170000ED0EC3 /* Frameworks */ = {
			isa = PBXFrameworksBuildPhase;
			buildActionMask = 2147483647;
			files = (
				9F37C72F987C7FFC8B63FD0C /* Pods_skill_levelling_skill_levellingUITests.framework in Frameworks */,
			);
			runOnlyForDeploymentPostprocessing = 0;
		};
/* End PBXFrameworksBuildPhase section */

/* Begin PBXGroup section */
		2CC6C02E28DB58EE00729888 /* Tabbar */ = {
			isa = PBXGroup;
			children = (
				2CC6C02A28DA544E00729888 /* MainTabBarViewController.swift */,
			);
			path = Tabbar;
			sourceTree = "<group>";
		};
		2CC6C03128DB6E2C00729888 /* Favorite */ = {
			isa = PBXGroup;
			children = (
				2CC6C03A28DB7B0800729888 /* Cell */,
				2CC6C02F28DB680300729888 /* FavoritesStorage.swift */,
				2CC6C03228DB6E6900729888 /* FavoritesTableViewController.swift */,
				2CC6C03328DB6E6900729888 /* FavoritesTableViewController.xib */,
			);
			path = Favorite;
			sourceTree = "<group>";
		};
		2CC6C03A28DB7B0800729888 /* Cell */ = {
			isa = PBXGroup;
			children = (
				2CC6C03628DB743A00729888 /* FavoriteTableViewCell.swift */,
				2CC6C03728DB743A00729888 /* FavoriteTableViewCell.xib */,
			);
			path = Cell;
			sourceTree = "<group>";
		};
		930F818E278616FE00ED0EC3 = {
			isa = PBXGroup;
			children = (
				930F8199278616FE00ED0EC3 /* skill-levelling */,
				930F8198278616FE00ED0EC3 /* Products */,
				CC71609398AB15BC0BAD2EAC /* Pods */,
				B658644CB03CE8E32E3532BC /* Frameworks */,
			);
			sourceTree = "<group>";
		};
		930F8198278616FE00ED0EC3 /* Products */ = {
			isa = PBXGroup;
			children = (
				930F8197278616FE00ED0EC3 /* skill-levelling.app */,
				930F81AD2786170000ED0EC3 /* skill-levellingTests.xctest */,
				930F81B72786170000ED0EC3 /* skill-levellingUITests.xctest */,
			);
			name = Products;
			sourceTree = "<group>";
		};
		930F8199278616FE00ED0EC3 /* skill-levelling */ = {
			isa = PBXGroup;
			children = (
				2CC6C02E28DB58EE00729888 /* Tabbar */,
				93BCB08E27877902008DC96C /* Networking */,
				93F71212278DEF1100509DF5 /* Scene */,
				93BCB08927877872008DC96C /* Model */,
				93BCB08D278778FC008DC96C /* Commons */,
				930F819A278616FE00ED0EC3 /* AppDelegate.swift */,
				930F819C278616FE00ED0EC3 /* SceneDelegate.swift */,
				930F819E278616FE00ED0EC3 /* ViewController.swift */,
				930F81A32786170000ED0EC3 /* Assets.xcassets */,
				930F81A52786170000ED0EC3 /* LaunchScreen.storyboard */,
				930F81A82786170000ED0EC3 /* Info.plist */,
			);
			path = "skill-levelling";
			sourceTree = "<group>";
		};
		93BCB07A27871DA6008DC96C /* Cell */ = {
			isa = PBXGroup;
			children = (
				933FC4DC278F7967001382CD /* ResultTableViewCell.swift */,
				933FC4DD278F7967001382CD /* ResultTableViewCell.xib */,
			);
			path = Cell;
			sourceTree = "<group>";
		};
		93BCB08927877872008DC96C /* Model */ = {
			isa = PBXGroup;
			children = (
				93F7120A2788D94C00509DF5 /* AuthToken.swift */,
				93F7120E278DC7B000509DF5 /* ProductDetail.swift */,
				933FC4D8278F59C0001382CD /* ItemDetail.swift */,
				93F71210278DCEE700509DF5 /* ProductBasic.swift */,
				93F7120C278DBE7600509DF5 /* Category.swift */,
				933FC4E0278F7B89001382CD /* ResultOverview.swift */,
				93A7259A27905DE20012B692 /* SearchAPI.swift */,
			);
			path = Model;
			sourceTree = "<group>";
		};
		93BCB08D278778FC008DC96C /* Commons */ = {
			isa = PBXGroup;
			children = (
				93F71216278DF22C00509DF5 /* Coordinator.swift */,
			);
			path = Commons;
			sourceTree = "<group>";
		};
		93BCB08E27877902008DC96C /* Networking */ = {
			isa = PBXGroup;
			children = (
				93F711FD27887CF100509DF5 /* RoutableRequestInterceptor.swift */,
				93F711FF278882D200509DF5 /* RoutableNetworkLogger.swift */,
				93F71201278883E200509DF5 /* RoutableApiManager.swift */,
			);
			path = Networking;
			sourceTree = "<group>";
		};
		93F71212278DEF1100509DF5 /* Scene */ = {
			isa = PBXGroup;
			children = (
				2CC6C03128DB6E2C00729888 /* Favorite */,
				93F71223278E0D8000509DF5 /* Home */,
				93F71218278DF3A800509DF5 /* Product */,
				93F71213278DF0F200509DF5 /* Search */,
			);
			path = Scene;
			sourceTree = "<group>";
		};
		93F71213278DF0F200509DF5 /* Search */ = {
			isa = PBXGroup;
			children = (
				93BCB07A27871DA6008DC96C /* Cell */,
				93BCB08027871E03008DC96C /* SearchViewController.swift */,
				93BCB08127871E03008DC96C /* SearchViewController.xib */,
				93F71214278DF18C00509DF5 /* SearchViewModel.swift */,
				93F7121D278E027A00509DF5 /* SearchCoordinator.swift */,
			);
			path = Search;
			sourceTree = "<group>";
		};
		93F71218278DF3A800509DF5 /* Product */ = {
			isa = PBXGroup;
			children = (
				93BCB07D27871DD9008DC96C /* ProductViewController.xib */,
				93BCB07C27871DD9008DC96C /* ProductViewController.swift */,
				93F7121B278DFEE700509DF5 /* ProductCoordinator.swift */,
			);
			path = Product;
			sourceTree = "<group>";
		};
		93F71223278E0D8000509DF5 /* Home */ = {
			isa = PBXGroup;
			children = (
				93BCB08427871EF8008DC96C /* HomeViewController.swift */,
				93BCB08527871EF8008DC96C /* HomeViewController.xib */,
				93F71224278E0D9D00509DF5 /* HomeCoordinator.swift */,
			);
			path = Home;
			sourceTree = "<group>";
		};
		B658644CB03CE8E32E3532BC /* Frameworks */ = {
			isa = PBXGroup;
			children = (
				440FC492D5DA2C765C0FE219 /* Pods_skill_levelling.framework */,
				A78EFCD11116CEE38F9C4770 /* Pods_skill_levelling_skill_levellingUITests.framework */,
				49108A78453BBD92DFEE589F /* Pods_skill_levellingTests.framework */,
			);
			name = Frameworks;
			sourceTree = "<group>";
		};
		CC71609398AB15BC0BAD2EAC /* Pods */ = {
			isa = PBXGroup;
			children = (
				6C8DA8257804A38CD34DA3A7 /* Pods-skill-levelling.debug.xcconfig */,
				39AD77DD740189C35EF9ECF4 /* Pods-skill-levelling.release.xcconfig */,
				C2C86C3EAF0FB4AEEFA866AF /* Pods-skill-levelling-skill-levellingUITests.debug.xcconfig */,
				C3DA212C22B5FF5FA0012CD7 /* Pods-skill-levelling-skill-levellingUITests.release.xcconfig */,
				21B520D4830294136213BCD9 /* Pods-skill-levellingTests.debug.xcconfig */,
				A6D6DCD6D65DCD9D056D4DC0 /* Pods-skill-levellingTests.release.xcconfig */,
			);
			path = Pods;
			sourceTree = "<group>";
		};
/* End PBXGroup section */

/* Begin PBXNativeTarget section */
		930F8196278616FE00ED0EC3 /* skill-levelling */ = {
			isa = PBXNativeTarget;
			buildConfigurationList = 930F81C12786170000ED0EC3 /* Build configuration list for PBXNativeTarget "skill-levelling" */;
			buildPhases = (
				17227F05C22BF447CE99A367 /* [CP] Check Pods Manifest.lock */,
				930F8193278616FE00ED0EC3 /* Sources */,
				930F8194278616FE00ED0EC3 /* Frameworks */,
				930F8195278616FE00ED0EC3 /* Resources */,
				93BCB0882787208F008DC96C /* ShellScript */,
				CEF16DFEEDB6AD37C6B073C0 /* [CP] Embed Pods Frameworks */,
			);
			buildRules = (
			);
			dependencies = (
			);
			name = "skill-levelling";
			productName = "skill-levelling";
			productReference = 930F8197278616FE00ED0EC3 /* skill-levelling.app */;
			productType = "com.apple.product-type.application";
		};
		930F81AC2786170000ED0EC3 /* skill-levellingTests */ = {
			isa = PBXNativeTarget;
			buildConfigurationList = 930F81C42786170000ED0EC3 /* Build configuration list for PBXNativeTarget "skill-levellingTests" */;
			buildPhases = (
				29DE0FAFDB939343E5D2E871 /* [CP] Check Pods Manifest.lock */,
				930F81A92786170000ED0EC3 /* Sources */,
				930F81AA2786170000ED0EC3 /* Frameworks */,
				930F81AB2786170000ED0EC3 /* Resources */,
			);
			buildRules = (
			);
			dependencies = (
				930F81AF2786170000ED0EC3 /* PBXTargetDependency */,
			);
			name = "skill-levellingTests";
			productName = "skill-levellingTests";
			productReference = 930F81AD2786170000ED0EC3 /* skill-levellingTests.xctest */;
			productType = "com.apple.product-type.bundle.unit-test";
		};
		930F81B62786170000ED0EC3 /* skill-levellingUITests */ = {
			isa = PBXNativeTarget;
			buildConfigurationList = 930F81C72786170000ED0EC3 /* Build configuration list for PBXNativeTarget "skill-levellingUITests" */;
			buildPhases = (
				DC3907FFDD285BFB5C149E78 /* [CP] Check Pods Manifest.lock */,
				930F81B32786170000ED0EC3 /* Sources */,
				930F81B42786170000ED0EC3 /* Frameworks */,
				930F81B52786170000ED0EC3 /* Resources */,
				B50B18B9D49B9292C5183A9F /* [CP] Embed Pods Frameworks */,
			);
			buildRules = (
			);
			dependencies = (
				930F81B92786170000ED0EC3 /* PBXTargetDependency */,
			);
			name = "skill-levellingUITests";
			productName = "skill-levellingUITests";
			productReference = 930F81B72786170000ED0EC3 /* skill-levellingUITests.xctest */;
			productType = "com.apple.product-type.bundle.ui-testing";
		};
/* End PBXNativeTarget section */

/* Begin PBXProject section */
		930F818F278616FE00ED0EC3 /* Project object */ = {
			isa = PBXProject;
			attributes = {
				BuildIndependentTargetsInParallel = 1;
				LastSwiftUpdateCheck = 1320;
				LastUpgradeCheck = 1320;
				TargetAttributes = {
					930F8196278616FE00ED0EC3 = {
						CreatedOnToolsVersion = 13.2;
					};
					930F81AC2786170000ED0EC3 = {
						CreatedOnToolsVersion = 13.2;
						TestTargetID = 930F8196278616FE00ED0EC3;
					};
					930F81B62786170000ED0EC3 = {
						CreatedOnToolsVersion = 13.2;
						TestTargetID = 930F8196278616FE00ED0EC3;
					};
				};
			};
			buildConfigurationList = 930F8192278616FE00ED0EC3 /* Build configuration list for PBXProject "skill-levelling" */;
			compatibilityVersion = "Xcode 13.0";
			developmentRegion = en;
			hasScannedForEncodings = 0;
			knownRegions = (
				en,
				Base,
			);
			mainGroup = 930F818E278616FE00ED0EC3;
			productRefGroup = 930F8198278616FE00ED0EC3 /* Products */;
			projectDirPath = "";
			projectRoot = "";
			targets = (
				930F8196278616FE00ED0EC3 /* skill-levelling */,
				930F81AC2786170000ED0EC3 /* skill-levellingTests */,
				930F81B62786170000ED0EC3 /* skill-levellingUITests */,
			);
		};
/* End PBXProject section */

/* Begin PBXResourcesBuildPhase section */
		930F8195278616FE00ED0EC3 /* Resources */ = {
			isa = PBXResourcesBuildPhase;
			buildActionMask = 2147483647;
			files = (
				930F81A72786170000ED0EC3 /* LaunchScreen.storyboard in Resources */,
				930F81A42786170000ED0EC3 /* Assets.xcassets in Resources */,
				2CC6C03528DB6E6A00729888 /* FavoritesTableViewController.xib in Resources */,
				93BCB07F27871DD9008DC96C /* ProductViewController.xib in Resources */,
				93BCB08327871E03008DC96C /* SearchViewController.xib in Resources */,
				2CC6C03928DB743A00729888 /* FavoriteTableViewCell.xib in Resources */,
				933FC4DF278F7967001382CD /* ResultTableViewCell.xib in Resources */,
				93BCB08727871EF8008DC96C /* HomeViewController.xib in Resources */,
			);
			runOnlyForDeploymentPostprocessing = 0;
		};
		930F81AB2786170000ED0EC3 /* Resources */ = {
			isa = PBXResourcesBuildPhase;
			buildActionMask = 2147483647;
			files = (
			);
			runOnlyForDeploymentPostprocessing = 0;
		};
		930F81B52786170000ED0EC3 /* Resources */ = {
			isa = PBXResourcesBuildPhase;
			buildActionMask = 2147483647;
			files = (
			);
			runOnlyForDeploymentPostprocessing = 0;
		};
/* End PBXResourcesBuildPhase section */

/* Begin PBXShellScriptBuildPhase section */
		17227F05C22BF447CE99A367 /* [CP] Check Pods Manifest.lock */ = {
			isa = PBXShellScriptBuildPhase;
			buildActionMask = 2147483647;
			files = (
			);
			inputFileListPaths = (
			);
			inputPaths = (
				"${PODS_PODFILE_DIR_PATH}/Podfile.lock",
				"${PODS_ROOT}/Manifest.lock",
			);
			name = "[CP] Check Pods Manifest.lock";
			outputFileListPaths = (
			);
			outputPaths = (
				"$(DERIVED_FILE_DIR)/Pods-skill-levelling-checkManifestLockResult.txt",
			);
			runOnlyForDeploymentPostprocessing = 0;
			shellPath = /bin/sh;
			shellScript = "diff \"${PODS_PODFILE_DIR_PATH}/Podfile.lock\" \"${PODS_ROOT}/Manifest.lock\" > /dev/null\nif [ $? != 0 ] ; then\n    # print error to STDERR\n    echo \"error: The sandbox is not in sync with the Podfile.lock. Run 'pod install' or update your CocoaPods installation.\" >&2\n    exit 1\nfi\n# This output is used by Xcode 'outputs' to avoid re-running this script phase.\necho \"SUCCESS\" > \"${SCRIPT_OUTPUT_FILE_0}\"\n";
			showEnvVarsInLog = 0;
		};
		29DE0FAFDB939343E5D2E871 /* [CP] Check Pods Manifest.lock */ = {
			isa = PBXShellScriptBuildPhase;
			buildActionMask = 2147483647;
			files = (
			);
			inputFileListPaths = (
			);
			inputPaths = (
				"${PODS_PODFILE_DIR_PATH}/Podfile.lock",
				"${PODS_ROOT}/Manifest.lock",
			);
			name = "[CP] Check Pods Manifest.lock";
			outputFileListPaths = (
			);
			outputPaths = (
				"$(DERIVED_FILE_DIR)/Pods-skill-levellingTests-checkManifestLockResult.txt",
			);
			runOnlyForDeploymentPostprocessing = 0;
			shellPath = /bin/sh;
			shellScript = "diff \"${PODS_PODFILE_DIR_PATH}/Podfile.lock\" \"${PODS_ROOT}/Manifest.lock\" > /dev/null\nif [ $? != 0 ] ; then\n    # print error to STDERR\n    echo \"error: The sandbox is not in sync with the Podfile.lock. Run 'pod install' or update your CocoaPods installation.\" >&2\n    exit 1\nfi\n# This output is used by Xcode 'outputs' to avoid re-running this script phase.\necho \"SUCCESS\" > \"${SCRIPT_OUTPUT_FILE_0}\"\n";
			showEnvVarsInLog = 0;
		};
		93BCB0882787208F008DC96C /* ShellScript */ = {
			isa = PBXShellScriptBuildPhase;
			buildActionMask = 2147483647;
			files = (
			);
			inputFileListPaths = (
			);
			inputPaths = (
			);
			outputFileListPaths = (
			);
			outputPaths = (
			);
			runOnlyForDeploymentPostprocessing = 0;
			shellPath = /bin/sh;
			shellScript = "if which swiftlint >/dev/null; then\n  swiftlint\nelse\n  echo \"warning: SwiftLint not installed, download from https://github.com/realm/SwiftLint\"\nfi\n";
		};
		B50B18B9D49B9292C5183A9F /* [CP] Embed Pods Frameworks */ = {
			isa = PBXShellScriptBuildPhase;
			buildActionMask = 2147483647;
			files = (
			);
			inputFileListPaths = (
				"${PODS_ROOT}/Target Support Files/Pods-skill-levelling-skill-levellingUITests/Pods-skill-levelling-skill-levellingUITests-frameworks-${CONFIGURATION}-input-files.xcfilelist",
			);
			name = "[CP] Embed Pods Frameworks";
			outputFileListPaths = (
				"${PODS_ROOT}/Target Support Files/Pods-skill-levelling-skill-levellingUITests/Pods-skill-levelling-skill-levellingUITests-frameworks-${CONFIGURATION}-output-files.xcfilelist",
			);
			runOnlyForDeploymentPostprocessing = 0;
			shellPath = /bin/sh;
			shellScript = "\"${PODS_ROOT}/Target Support Files/Pods-skill-levelling-skill-levellingUITests/Pods-skill-levelling-skill-levellingUITests-frameworks.sh\"\n";
			showEnvVarsInLog = 0;
		};
		CEF16DFEEDB6AD37C6B073C0 /* [CP] Embed Pods Frameworks */ = {
			isa = PBXShellScriptBuildPhase;
			buildActionMask = 2147483647;
			files = (
			);
			inputFileListPaths = (
				"${PODS_ROOT}/Target Support Files/Pods-skill-levelling/Pods-skill-levelling-frameworks-${CONFIGURATION}-input-files.xcfilelist",
			);
			name = "[CP] Embed Pods Frameworks";
			outputFileListPaths = (
				"${PODS_ROOT}/Target Support Files/Pods-skill-levelling/Pods-skill-levelling-frameworks-${CONFIGURATION}-output-files.xcfilelist",
			);
			runOnlyForDeploymentPostprocessing = 0;
			shellPath = /bin/sh;
			shellScript = "\"${PODS_ROOT}/Target Support Files/Pods-skill-levelling/Pods-skill-levelling-frameworks.sh\"\n";
			showEnvVarsInLog = 0;
		};
		DC3907FFDD285BFB5C149E78 /* [CP] Check Pods Manifest.lock */ = {
			isa = PBXShellScriptBuildPhase;
			buildActionMask = 2147483647;
			files = (
			);
			inputFileListPaths = (
			);
			inputPaths = (
				"${PODS_PODFILE_DIR_PATH}/Podfile.lock",
				"${PODS_ROOT}/Manifest.lock",
			);
			name = "[CP] Check Pods Manifest.lock";
			outputFileListPaths = (
			);
			outputPaths = (
				"$(DERIVED_FILE_DIR)/Pods-skill-levelling-skill-levellingUITests-checkManifestLockResult.txt",
			);
			runOnlyForDeploymentPostprocessing = 0;
			shellPath = /bin/sh;
			shellScript = "diff \"${PODS_PODFILE_DIR_PATH}/Podfile.lock\" \"${PODS_ROOT}/Manifest.lock\" > /dev/null\nif [ $? != 0 ] ; then\n    # print error to STDERR\n    echo \"error: The sandbox is not in sync with the Podfile.lock. Run 'pod install' or update your CocoaPods installation.\" >&2\n    exit 1\nfi\n# This output is used by Xcode 'outputs' to avoid re-running this script phase.\necho \"SUCCESS\" > \"${SCRIPT_OUTPUT_FILE_0}\"\n";
			showEnvVarsInLog = 0;
		};
/* End PBXShellScriptBuildPhase section */

/* Begin PBXSourcesBuildPhase section */
		930F8193278616FE00ED0EC3 /* Sources */ = {
			isa = PBXSourcesBuildPhase;
			buildActionMask = 2147483647;
			files = (
				2CC6C03428DB6E6A00729888 /* FavoritesTableViewController.swift in Sources */,
				93F71217278DF22C00509DF5 /* Coordinator.swift in Sources */,
				93F7121C278DFEE700509DF5 /* ProductCoordinator.swift in Sources */,
				2CC6C03028DB680300729888 /* FavoritesStorage.swift in Sources */,
				93BCB08227871E03008DC96C /* SearchViewController.swift in Sources */,
				930F819F278616FE00ED0EC3 /* ViewController.swift in Sources */,
				930F819B278616FE00ED0EC3 /* AppDelegate.swift in Sources */,
				93F71200278882D200509DF5 /* RoutableNetworkLogger.swift in Sources */,
				93BCB07E27871DD9008DC96C /* ProductViewController.swift in Sources */,
				93F7121E278E027A00509DF5 /* SearchCoordinator.swift in Sources */,
				2CC6C02B28DA544E00729888 /* MainTabBarViewController.swift in Sources */,
				93F71211278DCEE700509DF5 /* ProductBasic.swift in Sources */,
				2CC6C03828DB743A00729888 /* FavoriteTableViewCell.swift in Sources */,
				93F71215278DF18C00509DF5 /* SearchViewModel.swift in Sources */,
				93F7120B2788D94C00509DF5 /* AuthToken.swift in Sources */,
				930F819D278616FE00ED0EC3 /* SceneDelegate.swift in Sources */,
				933FC4D9278F59C0001382CD /* ItemDetail.swift in Sources */,
				93A7259B27905DE20012B692 /* SearchAPI.swift in Sources */,
				933FC4E1278F7B89001382CD /* ResultOverview.swift in Sources */,
				93F71202278883E200509DF5 /* RoutableApiManager.swift in Sources */,
				93F7120D278DBE7600509DF5 /* Category.swift in Sources */,
				93F7120F278DC7B000509DF5 /* ProductDetail.swift in Sources */,
				93F711FE27887CF100509DF5 /* RoutableRequestInterceptor.swift in Sources */,
				93BCB08627871EF8008DC96C /* HomeViewController.swift in Sources */,
				933FC4DE278F7967001382CD /* ResultTableViewCell.swift in Sources */,
				93F71225278E0D9D00509DF5 /* HomeCoordinator.swift in Sources */,
			);
			runOnlyForDeploymentPostprocessing = 0;
		};
		930F81A92786170000ED0EC3 /* Sources */ = {
			isa = PBXSourcesBuildPhase;
			buildActionMask = 2147483647;
			files = (
			);
			runOnlyForDeploymentPostprocessing = 0;
		};
		930F81B32786170000ED0EC3 /* Sources */ = {
			isa = PBXSourcesBuildPhase;
			buildActionMask = 2147483647;
			files = (
			);
			runOnlyForDeploymentPostprocessing = 0;
		};
/* End PBXSourcesBuildPhase section */

/* Begin PBXTargetDependency section */
		930F81AF2786170000ED0EC3 /* PBXTargetDependency */ = {
			isa = PBXTargetDependency;
			target = 930F8196278616FE00ED0EC3 /* skill-levelling */;
			targetProxy = 930F81AE2786170000ED0EC3 /* PBXContainerItemProxy */;
		};
		930F81B92786170000ED0EC3 /* PBXTargetDependency */ = {
			isa = PBXTargetDependency;
			target = 930F8196278616FE00ED0EC3 /* skill-levelling */;
			targetProxy = 930F81B82786170000ED0EC3 /* PBXContainerItemProxy */;
		};
/* End PBXTargetDependency section */

/* Begin PBXVariantGroup section */
		930F81A52786170000ED0EC3 /* LaunchScreen.storyboard */ = {
			isa = PBXVariantGroup;
			children = (
				930F81A62786170000ED0EC3 /* Base */,
			);
			name = LaunchScreen.storyboard;
			sourceTree = "<group>";
		};
/* End PBXVariantGroup section */

/* Begin XCBuildConfiguration section */
		930F81BF2786170000ED0EC3 /* Debug */ = {
			isa = XCBuildConfiguration;
			buildSettings = {
				ALWAYS_SEARCH_USER_PATHS = NO;
				CLANG_ANALYZER_NONNULL = YES;
				CLANG_ANALYZER_NUMBER_OBJECT_CONVERSION = YES_AGGRESSIVE;
				CLANG_CXX_LANGUAGE_STANDARD = "gnu++17";
				CLANG_CXX_LIBRARY = "libc++";
				CLANG_ENABLE_MODULES = YES;
				CLANG_ENABLE_OBJC_ARC = YES;
				CLANG_ENABLE_OBJC_WEAK = YES;
				CLANG_WARN_BLOCK_CAPTURE_AUTORELEASING = YES;
				CLANG_WARN_BOOL_CONVERSION = YES;
				CLANG_WARN_COMMA = YES;
				CLANG_WARN_CONSTANT_CONVERSION = YES;
				CLANG_WARN_DEPRECATED_OBJC_IMPLEMENTATIONS = YES;
				CLANG_WARN_DIRECT_OBJC_ISA_USAGE = YES_ERROR;
				CLANG_WARN_DOCUMENTATION_COMMENTS = YES;
				CLANG_WARN_EMPTY_BODY = YES;
				CLANG_WARN_ENUM_CONVERSION = YES;
				CLANG_WARN_INFINITE_RECURSION = YES;
				CLANG_WARN_INT_CONVERSION = YES;
				CLANG_WARN_NON_LITERAL_NULL_CONVERSION = YES;
				CLANG_WARN_OBJC_IMPLICIT_RETAIN_SELF = YES;
				CLANG_WARN_OBJC_LITERAL_CONVERSION = YES;
				CLANG_WARN_OBJC_ROOT_CLASS = YES_ERROR;
				CLANG_WARN_QUOTED_INCLUDE_IN_FRAMEWORK_HEADER = YES;
				CLANG_WARN_RANGE_LOOP_ANALYSIS = YES;
				CLANG_WARN_STRICT_PROTOTYPES = YES;
				CLANG_WARN_SUSPICIOUS_MOVE = YES;
				CLANG_WARN_UNGUARDED_AVAILABILITY = YES_AGGRESSIVE;
				CLANG_WARN_UNREACHABLE_CODE = YES;
				CLANG_WARN__DUPLICATE_METHOD_MATCH = YES;
				COPY_PHASE_STRIP = NO;
				DEBUG_INFORMATION_FORMAT = dwarf;
				ENABLE_STRICT_OBJC_MSGSEND = YES;
				ENABLE_TESTABILITY = YES;
				GCC_C_LANGUAGE_STANDARD = gnu11;
				GCC_DYNAMIC_NO_PIC = NO;
				GCC_NO_COMMON_BLOCKS = YES;
				GCC_OPTIMIZATION_LEVEL = 0;
				GCC_PREPROCESSOR_DEFINITIONS = (
					"DEBUG=1",
					"$(inherited)",
				);
				GCC_WARN_64_TO_32_BIT_CONVERSION = YES;
				GCC_WARN_ABOUT_RETURN_TYPE = YES_ERROR;
				GCC_WARN_UNDECLARED_SELECTOR = YES;
				GCC_WARN_UNINITIALIZED_AUTOS = YES_AGGRESSIVE;
				GCC_WARN_UNUSED_FUNCTION = YES;
				GCC_WARN_UNUSED_VARIABLE = YES;
				IPHONEOS_DEPLOYMENT_TARGET = 15.2;
				MTL_ENABLE_DEBUG_INFO = INCLUDE_SOURCE;
				MTL_FAST_MATH = YES;
				ONLY_ACTIVE_ARCH = YES;
				SDKROOT = iphoneos;
				SWIFT_ACTIVE_COMPILATION_CONDITIONS = DEBUG;
				SWIFT_OPTIMIZATION_LEVEL = "-Onone";
			};
			name = Debug;
		};
		930F81C02786170000ED0EC3 /* Release */ = {
			isa = XCBuildConfiguration;
			buildSettings = {
				ALWAYS_SEARCH_USER_PATHS = NO;
				CLANG_ANALYZER_NONNULL = YES;
				CLANG_ANALYZER_NUMBER_OBJECT_CONVERSION = YES_AGGRESSIVE;
				CLANG_CXX_LANGUAGE_STANDARD = "gnu++17";
				CLANG_CXX_LIBRARY = "libc++";
				CLANG_ENABLE_MODULES = YES;
				CLANG_ENABLE_OBJC_ARC = YES;
				CLANG_ENABLE_OBJC_WEAK = YES;
				CLANG_WARN_BLOCK_CAPTURE_AUTORELEASING = YES;
				CLANG_WARN_BOOL_CONVERSION = YES;
				CLANG_WARN_COMMA = YES;
				CLANG_WARN_CONSTANT_CONVERSION = YES;
				CLANG_WARN_DEPRECATED_OBJC_IMPLEMENTATIONS = YES;
				CLANG_WARN_DIRECT_OBJC_ISA_USAGE = YES_ERROR;
				CLANG_WARN_DOCUMENTATION_COMMENTS = YES;
				CLANG_WARN_EMPTY_BODY = YES;
				CLANG_WARN_ENUM_CONVERSION = YES;
				CLANG_WARN_INFINITE_RECURSION = YES;
				CLANG_WARN_INT_CONVERSION = YES;
				CLANG_WARN_NON_LITERAL_NULL_CONVERSION = YES;
				CLANG_WARN_OBJC_IMPLICIT_RETAIN_SELF = YES;
				CLANG_WARN_OBJC_LITERAL_CONVERSION = YES;
				CLANG_WARN_OBJC_ROOT_CLASS = YES_ERROR;
				CLANG_WARN_QUOTED_INCLUDE_IN_FRAMEWORK_HEADER = YES;
				CLANG_WARN_RANGE_LOOP_ANALYSIS = YES;
				CLANG_WARN_STRICT_PROTOTYPES = YES;
				CLANG_WARN_SUSPICIOUS_MOVE = YES;
				CLANG_WARN_UNGUARDED_AVAILABILITY = YES_AGGRESSIVE;
				CLANG_WARN_UNREACHABLE_CODE = YES;
				CLANG_WARN__DUPLICATE_METHOD_MATCH = YES;
				COPY_PHASE_STRIP = NO;
				DEBUG_INFORMATION_FORMAT = "dwarf-with-dsym";
				ENABLE_NS_ASSERTIONS = NO;
				ENABLE_STRICT_OBJC_MSGSEND = YES;
				GCC_C_LANGUAGE_STANDARD = gnu11;
				GCC_NO_COMMON_BLOCKS = YES;
				GCC_WARN_64_TO_32_BIT_CONVERSION = YES;
				GCC_WARN_ABOUT_RETURN_TYPE = YES_ERROR;
				GCC_WARN_UNDECLARED_SELECTOR = YES;
				GCC_WARN_UNINITIALIZED_AUTOS = YES_AGGRESSIVE;
				GCC_WARN_UNUSED_FUNCTION = YES;
				GCC_WARN_UNUSED_VARIABLE = YES;
				IPHONEOS_DEPLOYMENT_TARGET = 15.2;
				MTL_ENABLE_DEBUG_INFO = NO;
				MTL_FAST_MATH = YES;
				SDKROOT = iphoneos;
				SWIFT_COMPILATION_MODE = wholemodule;
				SWIFT_OPTIMIZATION_LEVEL = "-O";
				VALIDATE_PRODUCT = YES;
			};
			name = Release;
		};
		930F81C22786170000ED0EC3 /* Debug */ = {
			isa = XCBuildConfiguration;
			baseConfigurationReference = 6C8DA8257804A38CD34DA3A7 /* Pods-skill-levelling.debug.xcconfig */;
			buildSettings = {
				ASSETCATALOG_COMPILER_APPICON_NAME = AppIcon;
				ASSETCATALOG_COMPILER_GLOBAL_ACCENT_COLOR_NAME = AccentColor;
				CODE_SIGN_STYLE = Automatic;
				CURRENT_PROJECT_VERSION = 1;
				DEVELOPMENT_TEAM = 7WTK5Y82G8;
				GENERATE_INFOPLIST_FILE = YES;
				INFOPLIST_FILE = "skill-levelling/Info.plist";
				INFOPLIST_KEY_NSMainNibFile = SearchViewController;
				INFOPLIST_KEY_UIApplicationSupportsIndirectInputEvents = YES;
				INFOPLIST_KEY_UILaunchStoryboardName = LaunchScreen;
				INFOPLIST_KEY_UISupportedInterfaceOrientations_iPad = "UIInterfaceOrientationPortrait UIInterfaceOrientationPortraitUpsideDown UIInterfaceOrientationLandscapeLeft UIInterfaceOrientationLandscapeRight";
				INFOPLIST_KEY_UISupportedInterfaceOrientations_iPhone = "UIInterfaceOrientationPortrait UIInterfaceOrientationLandscapeLeft UIInterfaceOrientationLandscapeRight";
				LD_RUNPATH_SEARCH_PATHS = (
					"$(inherited)",
					"@executable_path/Frameworks",
				);
				MARKETING_VERSION = 1.0;
				PRODUCT_BUNDLE_IDENTIFIER = "orosco-prueba-meli.meli-integrador-2";
				PRODUCT_NAME = "$(TARGET_NAME)";
				SWIFT_EMIT_LOC_STRINGS = YES;
				SWIFT_VERSION = 5.0;
				TARGETED_DEVICE_FAMILY = "1,2";
			};
			name = Debug;
		};
		930F81C32786170000ED0EC3 /* Release */ = {
			isa = XCBuildConfiguration;
			baseConfigurationReference = 39AD77DD740189C35EF9ECF4 /* Pods-skill-levelling.release.xcconfig */;
			buildSettings = {
				ASSETCATALOG_COMPILER_APPICON_NAME = AppIcon;
				ASSETCATALOG_COMPILER_GLOBAL_ACCENT_COLOR_NAME = AccentColor;
				CODE_SIGN_STYLE = Automatic;
				CURRENT_PROJECT_VERSION = 1;
				DEVELOPMENT_TEAM = 7WTK5Y82G8;
				GENERATE_INFOPLIST_FILE = YES;
				INFOPLIST_FILE = "skill-levelling/Info.plist";
				INFOPLIST_KEY_NSMainNibFile = SearchViewController;
				INFOPLIST_KEY_UIApplicationSupportsIndirectInputEvents = YES;
				INFOPLIST_KEY_UILaunchStoryboardName = LaunchScreen;
				INFOPLIST_KEY_UISupportedInterfaceOrientations_iPad = "UIInterfaceOrientationPortrait UIInterfaceOrientationPortraitUpsideDown UIInterfaceOrientationLandscapeLeft UIInterfaceOrientationLandscapeRight";
				INFOPLIST_KEY_UISupportedInterfaceOrientations_iPhone = "UIInterfaceOrientationPortrait UIInterfaceOrientationLandscapeLeft UIInterfaceOrientationLandscapeRight";
				LD_RUNPATH_SEARCH_PATHS = (
					"$(inherited)",
					"@executable_path/Frameworks",
				);
				MARKETING_VERSION = 1.0;
				PRODUCT_BUNDLE_IDENTIFIER = "orosco-prueba-meli.meli-integrador-2";
				PRODUCT_NAME = "$(TARGET_NAME)";
				SWIFT_EMIT_LOC_STRINGS = YES;
				SWIFT_VERSION = 5.0;
				TARGETED_DEVICE_FAMILY = "1,2";
			};
			name = Release;
		};
		930F81C52786170000ED0EC3 /* Debug */ = {
			isa = XCBuildConfiguration;
			baseConfigurationReference = 21B520D4830294136213BCD9 /* Pods-skill-levellingTests.debug.xcconfig */;
			buildSettings = {
				ALWAYS_EMBED_SWIFT_STANDARD_LIBRARIES = YES;
				BUNDLE_LOADER = "$(TEST_HOST)";
				CODE_SIGN_STYLE = Automatic;
				CURRENT_PROJECT_VERSION = 1;
				GENERATE_INFOPLIST_FILE = YES;
				IPHONEOS_DEPLOYMENT_TARGET = 15.2;
				MARKETING_VERSION = 1.0;
				PRODUCT_BUNDLE_IDENTIFIER = "com.spagura.skill-levellingTests";
				PRODUCT_NAME = "$(TARGET_NAME)";
				SWIFT_EMIT_LOC_STRINGS = NO;
				SWIFT_VERSION = 5.0;
				TARGETED_DEVICE_FAMILY = "1,2";
				TEST_HOST = "$(BUILT_PRODUCTS_DIR)/skill-levelling.app/skill-levelling";
			};
			name = Debug;
		};
		930F81C62786170000ED0EC3 /* Release */ = {
			isa = XCBuildConfiguration;
			baseConfigurationReference = A6D6DCD6D65DCD9D056D4DC0 /* Pods-skill-levellingTests.release.xcconfig */;
			buildSettings = {
				ALWAYS_EMBED_SWIFT_STANDARD_LIBRARIES = YES;
				BUNDLE_LOADER = "$(TEST_HOST)";
				CODE_SIGN_STYLE = Automatic;
				CURRENT_PROJECT_VERSION = 1;
				GENERATE_INFOPLIST_FILE = YES;
				IPHONEOS_DEPLOYMENT_TARGET = 15.2;
				MARKETING_VERSION = 1.0;
				PRODUCT_BUNDLE_IDENTIFIER = "com.spagura.skill-levellingTests";
				PRODUCT_NAME = "$(TARGET_NAME)";
				SWIFT_EMIT_LOC_STRINGS = NO;
				SWIFT_VERSION = 5.0;
				TARGETED_DEVICE_FAMILY = "1,2";
				TEST_HOST = "$(BUILT_PRODUCTS_DIR)/skill-levelling.app/skill-levelling";
			};
			name = Release;
		};
		930F81C82786170000ED0EC3 /* Debug */ = {
			isa = XCBuildConfiguration;
			baseConfigurationReference = C2C86C3EAF0FB4AEEFA866AF /* Pods-skill-levelling-skill-levellingUITests.debug.xcconfig */;
			buildSettings = {
				ALWAYS_EMBED_SWIFT_STANDARD_LIBRARIES = YES;
				CODE_SIGN_STYLE = Automatic;
				CURRENT_PROJECT_VERSION = 1;
				GENERATE_INFOPLIST_FILE = YES;
				MARKETING_VERSION = 1.0;
				PRODUCT_BUNDLE_IDENTIFIER = "com.spagura.skill-levellingUITests";
				PRODUCT_NAME = "$(TARGET_NAME)";
				SWIFT_EMIT_LOC_STRINGS = NO;
				SWIFT_VERSION = 5.0;
				TARGETED_DEVICE_FAMILY = "1,2";
				TEST_TARGET_NAME = "skill-levelling";
			};
			name = Debug;
		};
		930F81C92786170000ED0EC3 /* Release */ = {
			isa = XCBuildConfiguration;
			baseConfigurationReference = C3DA212C22B5FF5FA0012CD7 /* Pods-skill-levelling-skill-levellingUITests.release.xcconfig */;
			buildSettings = {
				ALWAYS_EMBED_SWIFT_STANDARD_LIBRARIES = YES;
				CODE_SIGN_STYLE = Automatic;
				CURRENT_PROJECT_VERSION = 1;
				GENERATE_INFOPLIST_FILE = YES;
				MARKETING_VERSION = 1.0;
				PRODUCT_BUNDLE_IDENTIFIER = "com.spagura.skill-levellingUITests";
				PRODUCT_NAME = "$(TARGET_NAME)";
				SWIFT_EMIT_LOC_STRINGS = NO;
				SWIFT_VERSION = 5.0;
				TARGETED_DEVICE_FAMILY = "1,2";
				TEST_TARGET_NAME = "skill-levelling";
			};
			name = Release;
		};
/* End XCBuildConfiguration section */

/* Begin XCConfigurationList section */
		930F8192278616FE00ED0EC3 /* Build configuration list for PBXProject "skill-levelling" */ = {
			isa = XCConfigurationList;
			buildConfigurations = (
				930F81BF2786170000ED0EC3 /* Debug */,
				930F81C02786170000ED0EC3 /* Release */,
			);
			defaultConfigurationIsVisible = 0;
			defaultConfigurationName = Release;
		};
		930F81C12786170000ED0EC3 /* Build configuration list for PBXNativeTarget "skill-levelling" */ = {
			isa = XCConfigurationList;
			buildConfigurations = (
				930F81C22786170000ED0EC3 /* Debug */,
				930F81C32786170000ED0EC3 /* Release */,
			);
			defaultConfigurationIsVisible = 0;
			defaultConfigurationName = Release;
		};
		930F81C42786170000ED0EC3 /* Build configuration list for PBXNativeTarget "skill-levellingTests" */ = {
			isa = XCConfigurationList;
			buildConfigurations = (
				930F81C52786170000ED0EC3 /* Debug */,
				930F81C62786170000ED0EC3 /* Release */,
			);
			defaultConfigurationIsVisible = 0;
			defaultConfigurationName = Release;
		};
		930F81C72786170000ED0EC3 /* Build configuration list for PBXNativeTarget "skill-levellingUITests" */ = {
			isa = XCConfigurationList;
			buildConfigurations = (
				930F81C82786170000ED0EC3 /* Debug */,
				930F81C92786170000ED0EC3 /* Release */,
			);
			defaultConfigurationIsVisible = 0;
			defaultConfigurationName = Release;
		};
/* End XCConfigurationList section */
	};
	rootObject = 930F818F278616FE00ED0EC3 /* Project object */;
}
